{
  "originHash" : "eb23e7c9931364de43b51d052ba7032cb71092793aa75d4f76fc40bf55810d1c",
  "pins" : [
    {
      "identity" : "logmacro",
      "kind" : "remoteSourceControl",
      "location" : "https://github.com/Roy-wonji/LogMacro.git",
      "state" : {
        "revision" : "e668813c0026a6705a7d125842a0cef00370d8d6",
        "version" : "1.0.3"
      }
    },
    {
      "identity" : "swift-syntax",
      "kind" : "remoteSourceControl",
      "location" : "https://github.com/apple/swift-syntax.git",
      "state" : {
        "revision" : "0687f71944021d616d34d922343dcef086855920",
        "version" : "600.0.1"
      }
    }
  ],
  "version" : 3
}
